// !$*UTF8*$!
{
	archiveVersion = 1;
	classes = {
	};
	objectVersion = 50;
	objects = {

/* Begin PBXBuildFile section */
		D32858D822660CB10000A601 /* main.m in Sources */ = {isa = PBXBuildFile; fileRef = D32858D722660CB10000A601 /* main.m */; };
		D32858E422660CD10000A601 /* DRViewController.xib in Resources */ = {isa = PBXBuildFile; fileRef = D32858E022660CD10000A601 /* DRViewController.xib */; };
		D32858EB22660E680000A601 /* DRAppDelegate.m in Sources */ = {isa = PBXBuildFile; fileRef = D32858E822660E680000A601 /* DRAppDelegate.m */; };
		D32858EC22660E680000A601 /* DRViewController.m in Sources */ = {isa = PBXBuildFile; fileRef = D32858E922660E680000A601 /* DRViewController.m */; };
		D32858EE22660F720000A601 /* images.xcassets in Resources */ = {isa = PBXBuildFile; fileRef = D32858ED22660F720000A601 /* images.xcassets */; };
		D3285910226614A10000A601 /* DRKonamiCode.framework in Frameworks */ = {isa = PBXBuildFile; fileRef = D328590F226614A10000A601 /* DRKonamiCode.framework */; };
		D32859122266170F0000A601 /* LaunchScreen.storyboard in Resources */ = {isa = PBXBuildFile; fileRef = D32859112266170F0000A601 /* LaunchScreen.storyboard */; };
/* End PBXBuildFile section */

/* Begin PBXFileReference section */
		D32858C522660CB10000A601 /* DRKonamiCodeExample.app */ = {isa = PBXFileReference; explicitFileType = wrapper.application; includeInIndex = 0; path = DRKonamiCodeExample.app; sourceTree = BUILT_PRODUCTS_DIR; };
		D32858D622660CB10000A601 /* Info.plist */ = {isa = PBXFileReference; lastKnownFileType = text.plist.xml; path = Info.plist; sourceTree = "<group>"; };
		D32858D722660CB10000A601 /* main.m */ = {isa = PBXFileReference; lastKnownFileType = sourcecode.c.objc; path = main.m; sourceTree = "<group>"; };
		D32858E022660CD10000A601 /* DRViewController.xib */ = {isa = PBXFileReference; fileEncoding = 4; lastKnownFileType = file.xib; path = DRViewController.xib; sourceTree = "<group>"; };
		D32858E722660E680000A601 /* DRViewController.h */ = {isa = PBXFileReference; fileEncoding = 4; lastKnownFileType = sourcecode.c.h; path = DRViewController.h; sourceTree = "<group>"; };
		D32858E822660E680000A601 /* DRAppDelegate.m */ = {isa = PBXFileReference; fileEncoding = 4; lastKnownFileType = sourcecode.c.objc; path = DRAppDelegate.m; sourceTree = "<group>"; };
		D32858E922660E680000A601 /* DRViewController.m */ = {isa = PBXFileReference; fileEncoding = 4; lastKnownFileType = sourcecode.c.objc; path = DRViewController.m; sourceTree = "<group>"; };
		D32858EA22660E680000A601 /* DRAppDelegate.h */ = {isa = PBXFileReference; fileEncoding = 4; lastKnownFileType = sourcecode.c.h; path = DRAppDelegate.h; sourceTree = "<group>"; };
		D32858ED22660F720000A601 /* images.xcassets */ = {isa = PBXFileReference; lastKnownFileType = folder.assetcatalog; path = images.xcassets; sourceTree = "<group>"; };
		D328590F226614A10000A601 /* DRKonamiCode.framework */ = {isa = PBXFileReference; explicitFileType = wrapper.framework; path = DRKonamiCode.framework; sourceTree = BUILT_PRODUCTS_DIR; };
		D32859112266170F0000A601 /* LaunchScreen.storyboard */ = {isa = PBXFileReference; lastKnownFileType = file.storyboard; path = LaunchScreen.storyboard; sourceTree = "<group>"; };
/* End PBXFileReference section */

/* Begin PBXFrameworksBuildPhase section */
		D32858C222660CB10000A601 /* Frameworks */ = {
			isa = PBXFrameworksBuildPhase;
			buildActionMask = 2147483647;
			files = (
				D3285910226614A10000A601 /* DRKonamiCode.framework in Frameworks */,
			);
			runOnlyForDeploymentPostprocessing = 0;
		};
/* End PBXFrameworksBuildPhase section */

/* Begin PBXGroup section */
		D32858BC22660CB10000A601 = {
			isa = PBXGroup;
			children = (
				D32858C722660CB10000A601 /* DRKonamiCodeExample */,
				D32858C622660CB10000A601 /* Products */,
				D328590E226614A10000A601 /* Frameworks */,
			);
			sourceTree = "<group>";
		};
		D32858C622660CB10000A601 /* Products */ = {
			isa = PBXGroup;
			children = (
				D32858C522660CB10000A601 /* DRKonamiCodeExample.app */,
			);
			name = Products;
			sourceTree = "<group>";
		};
		D32858C722660CB10000A601 /* DRKonamiCodeExample */ = {
			isa = PBXGroup;
			children = (
				D32858EA22660E680000A601 /* DRAppDelegate.h */,
				D32858E822660E680000A601 /* DRAppDelegate.m */,
				D32858E722660E680000A601 /* DRViewController.h */,
				D32858E922660E680000A601 /* DRViewController.m */,
				D32858E022660CD10000A601 /* DRViewController.xib */,
				D32858DE22660CD10000A601 /* Resources */,
				D32858D622660CB10000A601 /* Info.plist */,
				D32858D722660CB10000A601 /* main.m */,
			);
			path = DRKonamiCodeExample;
			sourceTree = "<group>";
		};
		D32858DE22660CD10000A601 /* Resources */ = {
			isa = PBXGroup;
			children = (
				D32858ED22660F720000A601 /* images.xcassets */,
				D32859112266170F0000A601 /* LaunchScreen.storyboard */,
			);
			path = Resources;
			sourceTree = SOURCE_ROOT;
		};
		D328590E226614A10000A601 /* Frameworks */ = {
			isa = PBXGroup;
			children = (
				D328590F226614A10000A601 /* DRKonamiCode.framework */,
			);
			name = Frameworks;
			sourceTree = "<group>";
		};
/* End PBXGroup section */

/* Begin PBXNativeTarget section */
		D32858C422660CB10000A601 /* DRKonamiCodeExample */ = {
			isa = PBXNativeTarget;
			buildConfigurationList = D32858DB22660CB10000A601 /* Build configuration list for PBXNativeTarget "DRKonamiCodeExample" */;
			buildPhases = (
				D32858C122660CB10000A601 /* Sources */,
				D32858C222660CB10000A601 /* Frameworks */,
				D32858C322660CB10000A601 /* Resources */,
			);
			buildRules = (
			);
			dependencies = (
			);
			name = DRKonamiCodeExample;
			productName = DRKonamiCodeExample;
			productReference = D32858C522660CB10000A601 /* DRKonamiCodeExample.app */;
			productType = "com.apple.product-type.application";
		};
/* End PBXNativeTarget section */

/* Begin PBXProject section */
		D32858BD22660CB10000A601 /* Project object */ = {
			isa = PBXProject;
			attributes = {
				LastUpgradeCheck = 1020;
				TargetAttributes = {
					D32858C422660CB10000A601 = {
						CreatedOnToolsVersion = 10.2;
					};
				};
			};
			buildConfigurationList = D32858C022660CB10000A601 /* Build configuration list for PBXProject "DRKonamiCodeExample" */;
			compatibilityVersion = "Xcode 9.3";
			developmentRegion = en;
			hasScannedForEncodings = 0;
			knownRegions = (
				en,
				Base,
			);
			mainGroup = D32858BC22660CB10000A601;
			productRefGroup = D32858C622660CB10000A601 /* Products */;
			projectDirPath = "";
			projectRoot = "";
			targets = (
				D32858C422660CB10000A601 /* DRKonamiCodeExample */,
			);
		};
/* End PBXProject section */

/* Begin PBXResourcesBuildPhase section */
		D32858C322660CB10000A601 /* Resources */ = {
			isa = PBXResourcesBuildPhase;
			buildActionMask = 2147483647;
			files = (
				D32858E422660CD10000A601 /* DRViewController.xib in Resources */,
				D32859122266170F0000A601 /* LaunchScreen.storyboard in Resources */,
				D32858EE22660F720000A601 /* images.xcassets in Resources */,
			);
			runOnlyForDeploymentPostprocessing = 0;
		};
/* End PBXResourcesBuildPhase section */

/* Begin PBXSourcesBuildPhase section */
		D32858C122660CB10000A601 /* Sources */ = {
			isa = PBXSourcesBuildPhase;
			buildActionMask = 2147483647;
			files = (
				D32858EB22660E680000A601 /* DRAppDelegate.m in Sources */,
				D32858EC22660E680000A601 /* DRViewController.m in Sources */,
				D32858D822660CB10000A601 /* main.m in Sources */,
			);
			runOnlyForDeploymentPostprocessing = 0;
		};
/* End PBXSourcesBuildPhase section */

/* Begin XCBuildConfiguration section */
		D32858D922660CB10000A601 /* Debug */ = {
			isa = XCBuildConfiguration;
			buildSettings = {
				ALWAYS_SEARCH_USER_PATHS = NO;
				CLANG_ANALYZER_NONNULL = YES;
				CLANG_ANALYZER_NUMBER_OBJECT_CONVERSION = YES_AGGRESSIVE;
				CLANG_CXX_LANGUAGE_STANDARD = "gnu++14";
				CLANG_CXX_LIBRARY = "libc++";
				CLANG_ENABLE_MODULES = YES;
				CLANG_ENABLE_OBJC_ARC = YES;
				CLANG_ENABLE_OBJC_WEAK = YES;
				CLANG_WARN_BLOCK_CAPTURE_AUTORELEASING = YES;
				CLANG_WARN_BOOL_CONVERSION = YES;
				CLANG_WARN_COMMA = YES;
				CLANG_WARN_CONSTANT_CONVERSION = YES;
				CLANG_WARN_DEPRECATED_OBJC_IMPLEMENTATIONS = YES;
				CLANG_WARN_DIRECT_OBJC_ISA_USAGE = YES_ERROR;
				CLANG_WARN_DOCUMENTATION_COMMENTS = YES;
				CLANG_WARN_EMPTY_BODY = YES;
				CLANG_WARN_ENUM_CONVERSION = YES;
				CLANG_WARN_INFINITE_RECURSION = YES;
				CLANG_WARN_INT_CONVERSION = YES;
				CLANG_WARN_NON_LITERAL_NULL_CONVERSION = YES;
				CLANG_WARN_OBJC_IMPLICIT_RETAIN_SELF = YES;
				CLANG_WARN_OBJC_LITERAL_CONVERSION = YES;
				CLANG_WARN_OBJC_ROOT_CLASS = YES_ERROR;
				CLANG_WARN_RANGE_LOOP_ANALYSIS = YES;
				CLANG_WARN_STRICT_PROTOTYPES = YES;
				CLANG_WARN_SUSPICIOUS_MOVE = YES;
				CLANG_WARN_UNGUARDED_AVAILABILITY = YES_AGGRESSIVE;
				CLANG_WARN_UNREACHABLE_CODE = YES;
				CLANG_WARN__DUPLICATE_METHOD_MATCH = YES;
				CODE_SIGN_IDENTITY = "iPhone Developer";
				COPY_PHASE_STRIP = NO;
				DEBUG_INFORMATION_FORMAT = dwarf;
				ENABLE_STRICT_OBJC_MSGSEND = YES;
				ENABLE_TESTABILITY = YES;
				GCC_C_LANGUAGE_STANDARD = gnu11;
				GCC_DYNAMIC_NO_PIC = NO;
				GCC_NO_COMMON_BLOCKS = YES;
				GCC_OPTIMIZATION_LEVEL = 0;
				GCC_PREPROCESSOR_DEFINITIONS = (
					"DEBUG=1",
					"$(inherited)",
				);
				GCC_WARN_64_TO_32_BIT_CONVERSION = YES;
				GCC_WARN_ABOUT_RETURN_TYPE = YES_ERROR;
				GCC_WARN_UNDECLARED_SELECTOR = YES;
				GCC_WARN_UNINITIALIZED_AUTOS = YES_AGGRESSIVE;
				GCC_WARN_UNUSED_FUNCTION = YES;
				GCC_WARN_UNUSED_VARIABLE = YES;
				IPHONEOS_DEPLOYMENT_TARGET = 12.2;
				MTL_ENABLE_DEBUG_INFO = INCLUDE_SOURCE;
				MTL_FAST_MATH = YES;
				ONLY_ACTIVE_ARCH = YES;
				SDKROOT = iphoneos;
			};
			name = Debug;
		};
		D32858DA22660CB10000A601 /* Release */ = {
			isa = XCBuildConfiguration;
			buildSettings = {
				ALWAYS_SEARCH_USER_PATHS = NO;
				CLANG_ANALYZER_NONNULL = YES;
				CLANG_ANALYZER_NUMBER_OBJECT_CONVERSION = YES_AGGRESSIVE;
				CLANG_CXX_LANGUAGE_STANDARD = "gnu++14";
				CLANG_CXX_LIBRARY = "libc++";
				CLANG_ENABLE_MODULES = YES;
				CLANG_ENABLE_OBJC_ARC = YES;
				CLANG_ENABLE_OBJC_WEAK = YES;
				CLANG_WARN_BLOCK_CAPTURE_AUTORELEASING = YES;
				CLANG_WARN_BOOL_CONVERSION = YES;
				CLANG_WARN_COMMA = YES;
				CLANG_WARN_CONSTANT_CONVERSION = YES;
				CLANG_WARN_DEPRECATED_OBJC_IMPLEMENTATIONS = YES;
				CLANG_WARN_DIRECT_OBJC_ISA_USAGE = YES_ERROR;
				CLANG_WARN_DOCUMENTATION_COMMENTS = YES;
				CLANG_WARN_EMPTY_BODY = YES;
				CLANG_WARN_ENUM_CONVERSION = YES;
				CLANG_WARN_INFINITE_RECURSION = YES;
				CLANG_WARN_INT_CONVERSION = YES;
				CLANG_WARN_NON_LITERAL_NULL_CONVERSION = YES;
				CLANG_WARN_OBJC_IMPLICIT_RETAIN_SELF = YES;
				CLANG_WARN_OBJC_LITERAL_CONVERSION = YES;
				CLANG_WARN_OBJC_ROOT_CLASS = YES_ERROR;
				CLANG_WARN_RANGE_LOOP_ANALYSIS = YES;
				CLANG_WARN_STRICT_PROTOTYPES = YES;
				CLANG_WARN_SUSPICIOUS_MOVE = YES;
				CLANG_WARN_UNGUARDED_AVAILABILITY = YES_AGGRESSIVE;
				CLANG_WARN_UNREACHABLE_CODE = YES;
				CLANG_WARN__DUPLICATE_METHOD_MATCH = YES;
				CODE_SIGN_IDENTITY = "iPhone Developer";
				COPY_PHASE_STRIP = NO;
				DEBUG_INFORMATION_FORMAT = "dwarf-with-dsym";
				ENABLE_NS_ASSERTIONS = NO;
				ENABLE_STRICT_OBJC_MSGSEND = YES;
				GCC_C_LANGUAGE_STANDARD = gnu11;
				GCC_NO_COMMON_BLOCKS = YES;
				GCC_WARN_64_TO_32_BIT_CONVERSION = YES;
				GCC_WARN_ABOUT_RETURN_TYPE = YES_ERROR;
				GCC_WARN_UNDECLARED_SELECTOR = YES;
				GCC_WARN_UNINITIALIZED_AUTOS = YES_AGGRESSIVE;
				GCC_WARN_UNUSED_FUNCTION = YES;
				GCC_WARN_UNUSED_VARIABLE = YES;
				IPHONEOS_DEPLOYMENT_TARGET = 12.2;
				MTL_ENABLE_DEBUG_INFO = NO;
				MTL_FAST_MATH = YES;
				SDKROOT = iphoneos;
				VALIDATE_PRODUCT = YES;
			};
			name = Release;
		};
		D32858DC22660CB10000A601 /* Debug */ = {
			isa = XCBuildConfiguration;
			buildSettings = {
				CODE_SIGN_STYLE = Automatic;
				INFOPLIST_FILE = DRKonamiCodeExample/Info.plist;
				LD_RUNPATH_SEARCH_PATHS = (
					"$(inherited)",
					"@executable_path/Frameworks",
				);
				PRODUCT_BUNDLE_IDENTIFIER = us.theredb.DRKonamiCodeExample;
				PRODUCT_NAME = "$(TARGET_NAME)";
				TARGETED_DEVICE_FAMILY = "1,2";
			};
			name = Debug;
		};
		D32858DD22660CB10000A601 /* Release */ = {
			isa = XCBuildConfiguration;
			buildSettings = {
				CODE_SIGN_STYLE = Automatic;
				INFOPLIST_FILE = DRKonamiCodeExample/Info.plist;
				LD_RUNPATH_SEARCH_PATHS = (
					"$(inherited)",
					"@executable_path/Frameworks",
				);
				PRODUCT_BUNDLE_IDENTIFIER = us.theredb.DRKonamiCodeExample;
				PRODUCT_NAME = "$(TARGET_NAME)";
				TARGETED_DEVICE_FAMILY = "1,2";
			};
			name = Release;
		};
/* End XCBuildConfiguration section */

/* Begin XCConfigurationList section */
		D32858C022660CB10000A601 /* Build configuration list for PBXProject "DRKonamiCodeExample" */ = {
			isa = XCConfigurationList;
			buildConfigurations = (
				D32858D922660CB10000A601 /* Debug */,
				D32858DA22660CB10000A601 /* Release */,
			);
			defaultConfigurationIsVisible = 0;
			defaultConfigurationName = Release;
		};
		D32858DB22660CB10000A601 /* Build configuration list for PBXNativeTarget "DRKonamiCodeExample" */ = {
			isa = XCConfigurationList;
			buildConfigurations = (
				D32858DC22660CB10000A601 /* Debug */,
				D32858DD22660CB10000A601 /* Release */,
			);
			defaultConfigurationIsVisible = 0;
			defaultConfigurationName = Release;
		};
/* End XCConfigurationList section */
	};
	rootObject = D32858BD22660CB10000A601 /* Project object */;
}
